
Microsoft Visual Studio Solution File, Format Version 12.00
# Visual Studio 15
VisualStudioVersion = 15.0.26124.0
MinimumVisualStudioVersion = 15.0.26124.0
Project("{F2A71F9B-5D33-465A-A702-920D77279786}") = "BS.API", "BS.API\BS.API.fsproj", "{19C90722-E45C-4E1B-B39B-68E5971ADC5A}"
EndProject
Project("{F2A71F9B-5D33-465A-A702-920D77279786}") = "BS.Domain", "BS.Domain\BS.Domain.fsproj", "{2BC329C7-12CF-4494-AEEE-2298798A565B}"
EndProject
Project("{F2A71F9B-5D33-465A-A702-920D77279786}") = "BS.UnitTests", "BS.UnitTests\BS.UnitTests.fsproj", "{48CB2C30-4F26-4FAB-9AE7-1A73B4519D8D}"
EndProject
Project("{F2A71F9B-5D33-465A-A702-920D77279786}") = "BS.CLI", "BS.CLI\BS.CLI.fsproj", "{578F75D3-E219-410A-A3CA-FCCB6BD386F6}"
EndProject
Global
	GlobalSection(SolutionConfigurationPlatforms) = preSolution
		Debug|Any CPU = Debug|Any CPU
		Debug|x64 = Debug|x64
		Debug|x86 = Debug|x86
		Release|Any CPU = Release|Any CPU
		Release|x64 = Release|x64
		Release|x86 = Release|x86
	EndGlobalSection
	GlobalSection(SolutionProperties) = preSolution
		HideSolutionNode = FALSE
	EndGlobalSection
	GlobalSection(ProjectConfigurationPlatforms) = postSolution
		{19C90722-E45C-4E1B-B39B-68E5971ADC5A}.Debug|Any CPU.ActiveCfg = Debug|Any CPU
		{19C90722-E45C-4E1B-B39B-68E5971ADC5A}.Debug|Any CPU.Build.0 = Debug|Any CPU
		{19C90722-E45C-4E1B-B39B-68E5971ADC5A}.Debug|x64.ActiveCfg = Debug|Any CPU
		{19C90722-E45C-4E1B-B39B-68E5971ADC5A}.Debug|x64.Build.0 = Debug|Any CPU
		{19C90722-E45C-4E1B-B39B-68E5971ADC5A}.Debug|x86.ActiveCfg = Debug|Any CPU
		{19C90722-E45C-4E1B-B39B-68E5971ADC5A}.Debug|x86.Build.0 = Debug|Any CPU
		{19C90722-E45C-4E1B-B39B-68E5971ADC5A}.Release|Any CPU.ActiveCfg = Release|Any CPU
		{19C90722-E45C-4E1B-B39B-68E5971ADC5A}.Release|Any CPU.Build.0 = Release|Any CPU
		{19C90722-E45C-4E1B-B39B-68E5971ADC5A}.Release|x64.ActiveCfg = Release|Any CPU
		{19C90722-E45C-4E1B-B39B-68E5971ADC5A}.Release|x64.Build.0 = Release|Any CPU
		{19C90722-E45C-4E1B-B39B-68E5971ADC5A}.Release|x86.ActiveCfg = Release|Any CPU
		{19C90722-E45C-4E1B-B39B-68E5971ADC5A}.Release|x86.Build.0 = Release|Any CPU
		{2BC329C7-12CF-4494-AEEE-2298798A565B}.Debug|Any CPU.ActiveCfg = Debug|Any CPU
		{2BC329C7-12CF-4494-AEEE-2298798A565B}.Debug|Any CPU.Build.0 = Debug|Any CPU
		{2BC329C7-12CF-4494-AEEE-2298798A565B}.Debug|x64.ActiveCfg = Debug|Any CPU
		{2BC329C7-12CF-4494-AEEE-2298798A565B}.Debug|x64.Build.0 = Debug|Any CPU
		{2BC329C7-12CF-4494-AEEE-2298798A565B}.Debug|x86.ActiveCfg = Debug|Any CPU
		{2BC329C7-12CF-4494-AEEE-2298798A565B}.Debug|x86.Build.0 = Debug|Any CPU
		{2BC329C7-12CF-4494-AEEE-2298798A565B}.Release|Any CPU.ActiveCfg = Release|Any CPU
		{2BC329C7-12CF-4494-AEEE-2298798A565B}.Release|Any CPU.Build.0 = Release|Any CPU
		{2BC329C7-12CF-4494-AEEE-2298798A565B}.Release|x64.ActiveCfg = Release|Any CPU
		{2BC329C7-12CF-4494-AEEE-2298798A565B}.Release|x64.Build.0 = Release|Any CPU
		{2BC329C7-12CF-4494-AEEE-2298798A565B}.Release|x86.ActiveCfg = Release|Any CPU
		{2BC329C7-12CF-4494-AEEE-2298798A565B}.Release|x86.Build.0 = Release|Any CPU
		{48CB2C30-4F26-4FAB-9AE7-1A73B4519D8D}.Debug|Any CPU.ActiveCfg = Debug|Any CPU
		{48CB2C30-4F26-4FAB-9AE7-1A73B4519D8D}.Debug|Any CPU.Build.0 = Debug|Any CPU
		{48CB2C30-4F26-4FAB-9AE7-1A73B4519D8D}.Debug|x64.ActiveCfg = Debug|Any CPU
		{48CB2C30-4F26-4FAB-9AE7-1A73B4519D8D}.Debug|x64.Build.0 = Debug|Any CPU
		{48CB2C30-4F26-4FAB-9AE7-1A73B4519D8D}.Debug|x86.ActiveCfg = Debug|Any CPU
		{48CB2C30-4F26-4FAB-9AE7-1A73B4519D8D}.Debug|x86.Build.0 = Debug|Any CPU
		{48CB2C30-4F26-4FAB-9AE7-1A73B4519D8D}.Release|Any CPU.ActiveCfg = Release|Any CPU
		{48CB2C30-4F26-4FAB-9AE7-1A73B4519D8D}.Release|Any CPU.Build.0 = Release|Any CPU
		{48CB2C30-4F26-4FAB-9AE7-1A73B4519D8D}.Release|x64.ActiveCfg = Release|Any CPU
		{48CB2C30-4F26-4FAB-9AE7-1A73B4519D8D}.Release|x64.Build.0 = Release|Any CPU
		{48CB2C30-4F26-4FAB-9AE7-1A73B4519D8D}.Release|x86.ActiveCfg = Release|Any CPU
		{48CB2C30-4F26-4FAB-9AE7-1A73B4519D8D}.Release|x86.Build.0 = Release|Any CPU
		{578F75D3-E219-410A-A3CA-FCCB6BD386F6}.Debug|Any CPU.ActiveCfg = Debug|Any CPU
		{578F75D3-E219-410A-A3CA-FCCB6BD386F6}.Debug|Any CPU.Build.0 = Debug|Any CPU
		{578F75D3-E219-410A-A3CA-FCCB6BD386F6}.Debug|x64.ActiveCfg = Debug|Any CPU
		{578F75D3-E219-410A-A3CA-FCCB6BD386F6}.Debug|x64.Build.0 = Debug|Any CPU
		{578F75D3-E219-410A-A3CA-FCCB6BD386F6}.Debug|x86.ActiveCfg = Debug|Any CPU
		{578F75D3-E219-410A-A3CA-FCCB6BD386F6}.Debug|x86.Build.0 = Debug|Any CPU
		{578F75D3-E219-410A-A3CA-FCCB6BD386F6}.Release|Any CPU.ActiveCfg = Release|Any CPU
		{578F75D3-E219-410A-A3CA-FCCB6BD386F6}.Release|Any CPU.Build.0 = Release|Any CPU
		{578F75D3-E219-410A-A3CA-FCCB6BD386F6}.Release|x64.ActiveCfg = Release|Any CPU
		{578F75D3-E219-410A-A3CA-FCCB6BD386F6}.Release|x64.Build.0 = Release|Any CPU
		{578F75D3-E219-410A-A3CA-FCCB6BD386F6}.Release|x86.ActiveCfg = Release|Any CPU
		{578F75D3-E219-410A-A3CA-FCCB6BD386F6}.Release|x86.Build.0 = Release|Any CPU
	EndGlobalSection
EndGlobal
